{
  "nodes": {
    "nixpkgs": {
      "locked": {
        "lastModified": 1785301185,
        "narHash": "sha256-eoS3KQTO0aPWXZvIaRbRAzSSHW3l5wdMFXtT1ISfoKA=",
        "owner": "NixOS",
        "repo": "nixpkgs",
        "rev": "9bc02893134c733dd85de46ee4fb2fac696b5529",
        "type": "github"
      },
      "original": {
        "owner": "NixOS",
        "ref": "nixpkgs-unstable",
        "repo": "nixpkgs",
        "type": "github"
      }
    },
    "provider-spec": {
      "flake": false,
      "locked": {
        "lastModified": 1788907976,
        "narHash": "sha256-o0eerxlZdatjXkv1DB5WtXD15u0e00I3R9gtxIjnj5M=",
        "owner": "roshbhatia",
        "repo": "provider-spec",
        "rev": "7a141d5bce35a4f65cdc08b10e575932b45d2707",
        "type": "github"
      },
      "original": {
        "owner": "roshbhatia",
        "ref": "v1.0.0",
        "repo": "provider-spec",
        "type": "github"
      }
    },
    "root": {
      "inputs": {
        "nixpkgs": "nixpkgs",
        "provider-spec": "provider-spec",
        "roster": "roster"
      }
    },
    "roster": {
      "flake": false,
      "locked": {
        "lastModified": 1788920822,
        "narHash": "sha256-GuIQgubHM3egIasZghrAozERHBgo9dzVYYrYgJKxAF0=",
        "owner": "roshbhatia",
        "repo": "roster",
        "rev": "b5fc3a55de3867d0cb1148a58616f30cbf883acc",
        "type": "github"
      },
      "original": {
        "owner": "roshbhatia",
        "ref": "v0.1.0",
        "repo": "roster",
        "type": "github"
      }
    }
  },
  "root": "root",
  "version": 7
}
